
Microsoft Visual Studio Solution File, Format Version 12.00
# Visual Studio Version 16
VisualStudioVersion = 16.0.29911.84
MinimumVisualStudioVersion = 10.0.40219.1
Project("{FAE04EC0-301F-11D3-BF4B-00C04F79EFBC}") = "ModernUINavigationApp1", "ModernUINavigationApp1\ModernUINavigationApp1.csproj", "{0EC763E0-1E81-4A02-B9AF-45333A19866B}"
EndProject
Global
	GlobalSection(SolutionConfigurationPlatforms) = preSolution
		Debug|Any CPU = Debug|Any CPU
		Release|Any CPU = Release|Any CPU
	EndGlobalSection
	GlobalSection(ProjectConfigurationPlatforms) = postSolution
		{0EC763E0-1E81-4A02-B9AF-45333A19866B}.Debug|Any CPU.ActiveCfg = Debug|Any CPU
		{0EC763E0-1E81-4A02-B9AF-45333A19866B}.Debug|Any CPU.Build.0 = Debug|Any CPU
		{0EC763E0-1E81-4A02-B9AF-45333A19866B}.Release|Any CPU.ActiveCfg = Release|Any CPU
		{0EC763E0-1E81-4A02-B9AF-45333A19866B}.Release|Any CPU.Build.0 = Release|Any CPU
	EndGlobalSection
	GlobalSection(SolutionProperties) = preSolution
		HideSolutionNode = FALSE
	EndGlobalSection
	GlobalSection(ExtensibilityGlobals) = postSolution
		SolutionGuid = {445C9B8F-4D42-4B7C-89B4-276EAC017D06}
	EndGlobalSection
EndGlobal
