
Microsoft Visual Studio Solution File, Format Version 12.00
# Visual Studio Version 16
VisualStudioVersion = 16.0.29911.84
MinimumVisualStudioVersion = 10.0.40219.1
Project("{FAE04EC0-301F-11D3-BF4B-00C04F79EFBC}") = "WpfApp1", "WpfApp1\WpfApp1.csproj", "{77CC38A0-F143-4822-9847-7F738B2B7005}"
EndProject
Global
	GlobalSection(SolutionConfigurationPlatforms) = preSolution
		Debug|Any CPU = Debug|Any CPU
		Release|Any CPU = Release|Any CPU
	EndGlobalSection
	GlobalSection(ProjectConfigurationPlatforms) = postSolution
		{77CC38A0-F143-4822-9847-7F738B2B7005}.Debug|Any CPU.ActiveCfg = Debug|Any CPU
		{77CC38A0-F143-4822-9847-7F738B2B7005}.Debug|Any CPU.Build.0 = Debug|Any CPU
		{77CC38A0-F143-4822-9847-7F738B2B7005}.Release|Any CPU.ActiveCfg = Release|Any CPU
		{77CC38A0-F143-4822-9847-7F738B2B7005}.Release|Any CPU.Build.0 = Release|Any CPU
	EndGlobalSection
	GlobalSection(SolutionProperties) = preSolution
		HideSolutionNode = FALSE
	EndGlobalSection
	GlobalSection(ExtensibilityGlobals) = postSolution
		SolutionGuid = {AB42E200-64C6-42F3-95A4-95D720198162}
	EndGlobalSection
EndGlobal
